// !$*UTF8*$!
{
	archiveVersion = 1;
	classes = {
	};
	objectVersion = 71;
	objects = {

/* Begin PBXBuildFile section */
		A84596F62F7DC4C90000B8CD /* SideStore.conf in Resources */ = {isa = PBXBuildFile; fileRef = A84596F52F7DC4C90000B8CD /* SideStore.conf */; };
		A87939D3303A89CA004D9227 /* Minimuxer in Frameworks */ = {isa = PBXBuildFile; productRef = A87939D2303A89CA004D9227 /* Minimuxer */; };
		A8C37029302DA7F30010213A /* MarkdownKit in Frameworks */ = {isa = PBXBuildFile; platformFilter = ios; productRef = A8C37028302DA7F30010213A /* MarkdownKit */; };
		A8C3702C302DA80D0010213A /* KeychainAccess in Frameworks */ = {isa = PBXBuildFile; productRef = A8C3702B302DA80D0010213A /* KeychainAccess */; };
		A8C3702F302DA82A0010213A /* Nuke in Frameworks */ = {isa = PBXBuildFile; productRef = A8C3702E302DA82A0010213A /* Nuke */; };
		A8C37035302DA84D0010213A /* Starscream in Frameworks */ = {isa = PBXBuildFile; productRef = A8C37034302DA84D0010213A /* Starscream */; };
		A8C37039302DA8D90010213A /* SemanticVersion in Frameworks */ = {isa = PBXBuildFile; productRef = A8C37038302DA8D90010213A /* SemanticVersion */; };
		A8E8DEA63059BC8800F69B47 /* CodeSignKit in Frameworks */ = {isa = PBXBuildFile; productRef = A8E8DEA53059BC8800F69B47 /* CodeSignKit */; };
		A8E8DEA93059BC9800F69B47 /* CodeSignKit in Frameworks */ = {isa = PBXBuildFile; productRef = A8E8DEA83059BC9800F69B47 /* CodeSignKit */; };
		A8F5E9AF30422E3600DBD7E1 /* SideSign in Frameworks */ = {isa = PBXBuildFile; productRef = A8F5E9AE30422E3600DBD7E1 /* SideSign */; };
		BF989177250AABF4002ACF50 /* AltWidgetExtension.appex in Embed Foundation Extensions */ = {isa = PBXBuildFile; fileRef = BF989167250AABF3002ACF50 /* AltWidgetExtension.appex */; platformFilter = ios; settings = {ATTRIBUTES = (RemoveHeadersOnCopy, ); }; };
/* End PBXBuildFile section */

/* Begin PBXContainerItemProxy section */
		0ED4AEC82E6DDB2A0039E2C0 /* PBXContainerItemProxy */ = {
			isa = PBXContainerItemProxy;
			containerPortal = BFD247622284B9A500981D42 /* Project object */;
			proxyType = 1;
			remoteGlobalIDString = BF58047A246A28F7008AE704;
			remoteInfo = SideBackup;
		};
		BF989175250AABF4002ACF50 /* PBXContainerItemProxy */ = {
			isa = PBXContainerItemProxy;
			containerPortal = BFD247622284B9A500981D42 /* Project object */;
			proxyType = 1;
			remoteGlobalIDString = BF989166250AABF3002ACF50;
			remoteInfo = AltWidgetExtension;
		};
/* End PBXContainerItemProxy section */

/* Begin PBXCopyFilesBuildPhase section */
		BF088D2B2501A087008082D9 /* Embed Frameworks */ = {
			isa = PBXCopyFilesBuildPhase;
			buildActionMask = 12;
			dstPath = "";
			dstSubfolderSpec = 10;
			files = (
			);
			name = "Embed Frameworks";
			runOnlyForDeploymentPostprocessing = 0;
		};
		BF98917B250AABF4002ACF50 /* Embed Foundation Extensions */ = {
			isa = PBXCopyFilesBuildPhase;
			buildActionMask = 2147483647;
			dstPath = "";
			dstSubfolderSpec = 13;
			files = (
				BF989177250AABF4002ACF50 /* AltWidgetExtension.appex in Embed Foundation Extensions */,
                5A570000000000000000000B,
			);
			name = "Embed Foundation Extensions";
			runOnlyForDeploymentPostprocessing = 0;
		};
/* End PBXCopyFilesBuildPhase section */

/* Begin PBXFileReference section */
		A84596F12F7DC4C90000B8CD /* .gitignore */ = {isa = PBXFileReference; lastKnownFileType = text; path = .gitignore; sourceTree = "<group>"; };
		A84596F22F7DC4C90000B8CD /* .gitmodules */ = {isa = PBXFileReference; lastKnownFileType = text; path = .gitmodules; sourceTree = "<group>"; };
		A84596F32F7DC4C90000B8CD /* README.md */ = {isa = PBXFileReference; lastKnownFileType = net.daringfireball.markdown; path = README.md; sourceTree = "<group>"; };
		A84596F42F7DC4C90000B8CD /* trustedapps.json */ = {isa = PBXFileReference; lastKnownFileType = text.json; path = trustedapps.json; sourceTree = "<group>"; };
		A84596F52F7DC4C90000B8CD /* SideStore.conf */ = {isa = PBXFileReference; lastKnownFileType = text; path = SideStore.conf; sourceTree = "<group>"; };
		B3C39606284F4C8400DA9E2F /* CodeSigning.xcconfig */ = {isa = PBXFileReference; lastKnownFileType = text.xcconfig; path = CodeSigning.xcconfig; sourceTree = "<group>"; };
		B3C39607284F4C8400DA9E2F /* Build.xcconfig */ = {isa = PBXFileReference; lastKnownFileType = text.xcconfig; path = Build.xcconfig; sourceTree = "<group>"; };
		B3C39608284F4C8400DA9E2F /* CodeSigning.xcconfig.sample */ = {isa = PBXFileReference; lastKnownFileType = text; path = CodeSigning.xcconfig.sample; sourceTree = "<group>"; };
		BF58047B246A28F7008AE704 /* SideBackup.app */ = {isa = PBXFileReference; explicitFileType = wrapper.application; includeInIndex = 0; path = SideBackup.app; sourceTree = BUILT_PRODUCTS_DIR; };
		BF989167250AABF3002ACF50 /* AltWidgetExtension.appex */ = {isa = PBXFileReference; explicitFileType = "wrapper.app-extension"; includeInIndex = 0; path = AltWidgetExtension.appex; sourceTree = BUILT_PRODUCTS_DIR; };
		BFD2476A2284B9A500981D42 /* SideStore.app */ = {isa = PBXFileReference; explicitFileType = wrapper.application; includeInIndex = 0; path = zLoader.app; sourceTree = BUILT_PRODUCTS_DIR; };
/* End PBXFileReference section */

/* Begin PBXFileSystemSynchronizedBuildFileExceptionSet section */
		A82BE360304AAF490055C3DE /* PBXFileSystemSynchronizedBuildFileExceptionSet */ = {
			isa = PBXFileSystemSynchronizedBuildFileExceptionSet;
			membershipExceptions = (
				"Extensions/ALTApplication+AltStoreApp.swift",
			);
			target = BF989166250AABF3002ACF50 /* AltWidgetExtension */;
		};
		A8EEC36B2F4B0D8700F2436D /* PBXFileSystemSynchronizedBuildFileExceptionSet */ = {
			isa = PBXFileSystemSynchronizedBuildFileExceptionSet;
			membershipExceptions = (
				Errors/ALTLocalizedError.swift,
				Errors/UserInfoValue.swift,
				"Extensions/Bundle+AltStore.swift",
			);
			target = BF58047A246A28F7008AE704 /* SideBackup */;
		};
		A8EEC3CA2F4B0EFC00F2436D /* PBXFileSystemSynchronizedBuildFileExceptionSet */ = {
			isa = PBXFileSystemSynchronizedBuildFileExceptionSet;
			membershipExceptions = (
				Info.plist,
				Resources/ReleaseEntitlements.plist,
			);
			target = BF989166250AABF3002ACF50 /* AltWidgetExtension */;
		};
		A8EEC3E22F4B0FC800F2436D /* PBXFileSystemSynchronizedBuildFileExceptionSet */ = {
			isa = PBXFileSystemSynchronizedBuildFileExceptionSet;
			membershipExceptions = (
				Info.plist,
			);
			target = BF58047A246A28F7008AE704 /* SideBackup */;
		};
		A8EEC8CB2F4B146B00F2436D /* PBXFileSystemSynchronizedBuildFileExceptionSet */ = {
			isa = PBXFileSystemSynchronizedBuildFileExceptionSet;
			membershipExceptions = (
				Info.plist,
				Resources/ReleaseEntitlements.plist,
			);
			platformFiltersByRelativePath = {
				Authentication/Authentication.storyboard = (
					ios,
				);
				Authentication/tvOS/Authentication.storyboard = (
					tvos,
				);
				Components/AppBannerView.xib = (
					ios,
				);
				Components/tvOS/AppBannerView.xib = (
					tvos,
				);
				"My Apps/InstalledAppsCollectionHeaderView.xib" = (
					ios,
				);
				"My Apps/UpdateCollectionViewCell.xib" = (
					ios,
				);
				"My Apps/tvOS/InstalledAppsCollectionHeaderView.xib" = (
					tvos,
				);
				"My Apps/tvOS/UpdateCollectionViewCell.xib" = (
					tvos,
				);
				News/NewsCollectionViewCell.xib = (
					ios,
				);
				News/tvOS/NewsCollectionViewCell.xib = (
					tvos,
				);
				Settings/AboutPatreonHeaderView.xib = (
					ios,
				);
				Settings/Settings.storyboard = (
					ios,
				);
				Settings/SettingsHeaderFooterView.xib = (
					ios,
				);
				Settings/tvOS/AboutPatreonHeaderView.xib = (
					tvos,
				);
				Settings/tvOS/Settings.storyboard = (
					tvos,
				);
				Settings/tvOS/SettingsHeaderFooterView.xib = (
					tvos,
				);
				Sources/Components/SourceHeaderView.xib = (
					ios,
				);
				Sources/Components/tvOS/SourceHeaderView.xib = (
					tvos,
				);
				Sources/Sources.storyboard = (
					ios,
				);
				Sources/tvOS/Sources.storyboard = (
					tvos,
				);
				iOS/LaunchScreen.storyboard = (
					ios,
				);
				iOS/Main.storyboard = (
					ios,
				);
				tvOS/Main.storyboard = (
					tvos,
				);
			};
			target = BFD247692284B9A500981D42 /* SideStore */;
		};
		A8EEC8CD2F4B146B00F2436D /* PBXFileSystemSynchronizedBuildFileExceptionSet */ = {
			isa = PBXFileSystemSynchronizedBuildFileExceptionSet;
			membershipExceptions = (
				"Extensions/FileManager+URLs.swift",
				"Intents/App Intents/RefreshAllAppsWidgetIntent.swift",
			);
			target = BF989166250AABF3002ACF50 /* AltWidgetExtension */;
		};
		A8EECF492F4B195000F2436D /* PBXFileSystemSynchronizedBuildFileExceptionSet */ = {
			isa = PBXFileSystemSynchronizedBuildFileExceptionSet;
			membershipExceptions = (
                "Resources/ZStoreCredits/LocalDevVPN-License-old.md",
                "Resources/ZStoreCredits/LocalDevVPN-License.md",
                "Resources/ZStoreCredits/SideStore-License.md",
				Tests/UITests/UITests.swift,
				Tests/UITests/UITestsLaunchTests.swift,
				Tests/UnitTests/datastructures/DataStructuresTests.swift,
				Tests/UnitTests/datastructures/LinkedHashMapTests.swift,
				Tests/UnitTests/datastructures/TreeMapTests.swift,
				"Utils/misc/xcmapping-diff-reporter/xcmapping-diff.py",
			);
			target = BFD247692284B9A500981D42 /* SideStore */;
		};
		A8EECF4A2F4B195000F2436D /* PBXFileSystemSynchronizedBuildFileExceptionSet */ = {
			isa = PBXFileSystemSynchronizedBuildFileExceptionSet;
			membershipExceptions = (
				Utils/datastructures/SingletonGenericMap.swift,
				Utils/pagination/PaginationDataHolder.swift,
				Widget/WidgetData/WidgetDataManager.swift,
				Widget/WidgetData/WidgetLogManager.swift,
				Widget/WidgetData/WidgetModels.swift,
			);
			target = BF989166250AABF3002ACF50 /* AltWidgetExtension */;
		};
/* End PBXFileSystemSynchronizedBuildFileExceptionSet section */

/* Begin PBXFileSystemSynchronizedRootGroup section */
		A8EEC3482F4B0D8600F2436D /* Shared */ = {isa = PBXFileSystemSynchronizedRootGroup; exceptions = (A8EEC36B2F4B0D8700F2436D /* PBXFileSystemSynchronizedBuildFileExceptionSet */, A82BE360304AAF490055C3DE /* PBXFileSystemSynchronizedBuildFileExceptionSet */, ); explicitFileTypes = {}; explicitFolders = (); path = Shared; sourceTree = "<group>"; };
		A8EEC3B92F4B0EFC00F2436D /* AltWidget */ = {isa = PBXFileSystemSynchronizedRootGroup; exceptions = (A8EEC3CA2F4B0EFC00F2436D /* PBXFileSystemSynchronizedBuildFileExceptionSet */, ); explicitFileTypes = {}; explicitFolders = (); path = AltWidget; sourceTree = "<group>"; };
		A8EEC3D92F4B0FC800F2436D /* SideBackup */ = {isa = PBXFileSystemSynchronizedRootGroup; exceptions = (A8EEC3E22F4B0FC800F2436D /* PBXFileSystemSynchronizedBuildFileExceptionSet */, ); explicitFileTypes = {}; explicitFolders = (); path = SideBackup; sourceTree = "<group>"; };
		A8EEC71D2F4B10D900F2436D /* xcconfigs */ = {isa = PBXFileSystemSynchronizedRootGroup; explicitFileTypes = {}; explicitFolders = (); path = xcconfigs; sourceTree = "<group>"; };
		A8EEC8412F4B146A00F2436D /* AltStore */ = {isa = PBXFileSystemSynchronizedRootGroup; exceptions = (A8EEC8CB2F4B146B00F2436D /* PBXFileSystemSynchronizedBuildFileExceptionSet */, A8EEC8CD2F4B146B00F2436D /* PBXFileSystemSynchronizedBuildFileExceptionSet */, ); explicitFileTypes = {}; explicitFolders = (); path = AltStore; sourceTree = "<group>"; };
		A8EECF2A2F4B195000F2436D /* SideStore */ = {isa = PBXFileSystemSynchronizedRootGroup; exceptions = (A8EECF492F4B195000F2436D /* PBXFileSystemSynchronizedBuildFileExceptionSet */, A8EECF4A2F4B195000F2436D /* PBXFileSystemSynchronizedBuildFileExceptionSet */, ); explicitFileTypes = {}; explicitFolders = (); path = SideStore; sourceTree = "<group>"; };
/* End PBXFileSystemSynchronizedRootGroup section */

/* Begin PBXFrameworksBuildPhase section */
		BF580478246A28F7008AE704 /* Frameworks */ = {
			isa = PBXFrameworksBuildPhase;
			buildActionMask = 2147483647;
			files = (
				A8E8DEA63059BC8800F69B47 /* CodeSignKit in Frameworks */,
			);
			runOnlyForDeploymentPostprocessing = 0;
		};
		BF989164250AABF3002ACF50 /* Frameworks */ = {
			isa = PBXFrameworksBuildPhase;
			buildActionMask = 2147483647;
			files = (
				A8E8DEA93059BC9800F69B47 /* CodeSignKit in Frameworks */,
			);
			runOnlyForDeploymentPostprocessing = 0;
		};
		BFD247672284B9A500981D42 /* Frameworks */ = {
			isa = PBXFrameworksBuildPhase;
			buildActionMask = 2147483647;
			files = (
				A8F5E9AF30422E3600DBD7E1 /* SideSign in Frameworks */,
				A8C37029302DA7F30010213A /* MarkdownKit in Frameworks */,
				A8C3702C302DA80D0010213A /* KeychainAccess in Frameworks */,
				A8C3702F302DA82A0010213A /* Nuke in Frameworks */,
				A8C37035302DA84D0010213A /* Starscream in Frameworks */,
				A8C37039302DA8D90010213A /* SemanticVersion in Frameworks */,
				A87939D3303A89CA004D9227 /* Minimuxer in Frameworks */,
			);
			runOnlyForDeploymentPostprocessing = 0;
		};
/* End PBXFrameworksBuildPhase section */

/* Begin PBXGroup section */
		A8E8DEA73059BC9800F69B47 /* Frameworks */ = {
			isa = PBXGroup;
			children = (
			);
			name = Frameworks;
			sourceTree = "<group>";
		};
		BFD247612284B9A500981D42 = {
			isa = PBXGroup;
			children = (
				A8EEC8412F4B146A00F2436D /* AltStore */,
				A8EEC3B92F4B0EFC00F2436D /* AltWidget */,
				A8EEC3482F4B0D8600F2436D /* Shared */,
				A8EECF2A2F4B195000F2436D /* SideStore */,
				A8EEC3D92F4B0FC800F2436D /* SideBackup */,
				A8EEC71D2F4B10D900F2436D /* xcconfigs */,
                5A5700000000000000000006,
				BFD2476B2284B9A500981D42 /* Products */,
				B3C39607284F4C8400DA9E2F /* Build.xcconfig */,
				B3C39606284F4C8400DA9E2F /* CodeSigning.xcconfig */,
				B3C39608284F4C8400DA9E2F /* CodeSigning.xcconfig.sample */,
				A84596F12F7DC4C90000B8CD /* .gitignore */,
				A84596F22F7DC4C90000B8CD /* .gitmodules */,
				A84596F32F7DC4C90000B8CD /* README.md */,
				A84596F42F7DC4C90000B8CD /* trustedapps.json */,
				A84596F52F7DC4C90000B8CD /* SideStore.conf */,
				A8E8DEA73059BC9800F69B47 /* Frameworks */,
			);
			sourceTree = "<group>";
		};
		BFD2476B2284B9A500981D42 /* Products */ = {
			isa = PBXGroup;
			children = (
				BFD2476A2284B9A500981D42 /* SideStore.app */,
                5A5700000000000000000002,
				BF58047B246A28F7008AE704 /* SideBackup.app */,
				BF989167250AABF3002ACF50 /* AltWidgetExtension.appex */,
			);
			name = Products;
			sourceTree = "<group>";
		};
/* End PBXGroup section */

/* Begin PBXNativeTarget section */
		BF58047A246A28F7008AE704 /* SideBackup */ = {
			isa = PBXNativeTarget;
			buildConfigurationList = BF58048E246A28F9008AE704 /* Build configuration list for PBXNativeTarget "SideBackup" */;
			buildPhases = (
				BF580477246A28F7008AE704 /* Sources */,
				BF580478246A28F7008AE704 /* Frameworks */,
				BF580479246A28F7008AE704 /* Resources */,
			);
			buildRules = (
			);
			dependencies = (
			);
			fileSystemSynchronizedGroups = (
				A8EEC3D92F4B0FC800F2436D /* SideBackup */,
			);
			name = SideBackup;
			productName = SideBackup;
			productReference = BF58047B246A28F7008AE704 /* SideBackup.app */;
			productType = "com.apple.product-type.application";
		};
		BF989166250AABF3002ACF50 /* AltWidgetExtension */ = {
			isa = PBXNativeTarget;
			buildConfigurationList = BF989178250AABF4002ACF50 /* Build configuration list for PBXNativeTarget "AltWidgetExtension" */;
			buildPhases = (
				BF989163250AABF3002ACF50 /* Sources */,
				BF989164250AABF3002ACF50 /* Frameworks */,
				BF989165250AABF3002ACF50 /* Resources */,
			);
			buildRules = (
			);
			dependencies = (
			);
			fileSystemSynchronizedGroups = (
				A8EEC3482F4B0D8600F2436D /* Shared */,
				A8EEC3B92F4B0EFC00F2436D /* AltWidget */,
			);
			name = AltWidgetExtension;
			productName = AltWidgetExtension;
			productReference = BF989167250AABF3002ACF50 /* AltWidgetExtension.appex */;
			productType = "com.apple.product-type.app-extension";
		};
		BFD247692284B9A500981D42 /* SideStore */ = {
			isa = PBXNativeTarget;
			buildConfigurationList = BFD2477E2284B9A700981D42 /* Build configuration list for PBXNativeTarget "SideStore" */;
			buildPhases = (
				BFD247662284B9A500981D42 /* Sources */,
				BFD247672284B9A500981D42 /* Frameworks */,
				A8E00D3F2D0C9C6D000DD2C7 /* Build SideBackup.ipa */,
				BFD247682284B9A500981D42 /* Resources */,
				BF088D2B2501A087008082D9 /* Embed Frameworks */,
				BF98917B250AABF4002ACF50 /* Embed Foundation Extensions */,
			);
			buildRules = (
			);
			dependencies = (
				0ED4AEC92E6DDB2A0039E2C0 /* PBXTargetDependency */,
				BF989176250AABF4002ACF50 /* PBXTargetDependency */,
                5A570000000000000000000C,
			);
			fileSystemSynchronizedGroups = (
				A8EEC3482F4B0D8600F2436D /* Shared */,
				A8EEC8412F4B146A00F2436D /* AltStore */,
				A8EECF2A2F4B195000F2436D /* SideStore */,
			);
			name = SideStore;
			packageProductDependencies = (
				A8C37028302DA7F30010213A /* MarkdownKit */,
				A8C3702B302DA80D0010213A /* KeychainAccess */,
				A8C3702E302DA82A0010213A /* Nuke */,
				A8C37034302DA84D0010213A /* Starscream */,
				A8C37038302DA8D90010213A /* SemanticVersion */,
				A87939D2303A89CA004D9227 /* Minimuxer */,
				A8F5E9AE30422E3600DBD7E1 /* SideSign */,
			);
			productName = AltStore;
			productReference = BFD2476A2284B9A500981D42 /* SideStore.app */;
			productType = "com.apple.product-type.application";
		};
/* End PBXNativeTarget section */

/* Begin PBXProject section */
		BFD247622284B9A500981D42 /* Project object */ = {
			isa = PBXProject;
			attributes = {
				BuildIndependentTargetsInParallel = YES;
				LastSwiftUpdateCheck = 1620;
				LastUpgradeCheck = 2660;
				ORGANIZATIONNAME = SideStore;
				TargetAttributes = {
					BF58047A246A28F7008AE704 = {
						CreatedOnToolsVersion = 11.4.1;
					};
					BF989166250AABF3002ACF50 = {
						CreatedOnToolsVersion = 12.0;
						LastSwiftMigration = 1200;
					};
					BFD247692284B9A500981D42 = {
						CreatedOnToolsVersion = 10.2.1;
						LastSwiftMigration = 1020;
						SystemCapabilities = {
							com.apple.BackgroundModes = {
								enabled = 1;
							};
							com.apple.Push = {
								enabled = 1;
							};
						};
					};
				};
			};
			buildConfigurationList = BFD247652284B9A500981D42 /* Build configuration list for PBXProject "AltStore" */;
			compatibilityVersion = "Xcode 9.3";
			developmentRegion = en;
			hasScannedForEncodings = 0;
			knownRegions = (
				en,
				Base,
			);
			mainGroup = BFD247612284B9A500981D42;
			packageReferences = (
				A8C37021302DA7A70010213A /* XCLocalSwiftPackageReference "Dependencies/SideSign" */,
				A8C37027302DA7F30010213A /* XCRemoteSwiftPackageReference "MarkdownKit" */,
				A8C3702A302DA80D0010213A /* XCRemoteSwiftPackageReference "KeychainAccess" */,
				A8C3702D302DA82A0010213A /* XCRemoteSwiftPackageReference "Nuke" */,
				A8C37033302DA84D0010213A /* XCRemoteSwiftPackageReference "Starscream" */,
				A8C37037302DA8D90010213A /* XCRemoteSwiftPackageReference "SemanticVersion" */,
				A87939D1303A89C9004D9227 /* XCLocalSwiftPackageReference "Dependencies/minimuxer" */,
				A8E8DEA43059BC8800F69B47 /* XCRemoteSwiftPackageReference "CodeSignKit" */,
			);
			productRefGroup = BFD2476B2284B9A500981D42 /* Products */;
			projectDirPath = "";
			projectRoot = "";
			targets = (
				BFD247692284B9A500981D42 /* SideStore */,
                5A5700000000000000000001,
				BF58047A246A28F7008AE704 /* SideBackup */,
				BF989166250AABF3002ACF50 /* AltWidgetExtension */,
			);
		};
/* End PBXProject section */

/* Begin PBXResourcesBuildPhase section */
		BF580479246A28F7008AE704 /* Resources */ = {
			isa = PBXResourcesBuildPhase;
			buildActionMask = 2147483647;
			files = (
			);
			runOnlyForDeploymentPostprocessing = 0;
		};
		BF989165250AABF3002ACF50 /* Resources */ = {
			isa = PBXResourcesBuildPhase;
			buildActionMask = 2147483647;
			files = (
			);
			runOnlyForDeploymentPostprocessing = 0;
		};
		BFD247682284B9A500981D42 /* Resources */ = {
			isa = PBXResourcesBuildPhase;
			buildActionMask = 2147483647;
			files = (
                5A5700000000000000000026,
                5A5700000000000000000024,
                5A5700000000000000000022,
				A84596F62F7DC4C90000B8CD /* SideStore.conf in Resources */,
			);
			runOnlyForDeploymentPostprocessing = 0;
		};
/* End PBXResourcesBuildPhase section */

/* Begin PBXShellScriptBuildPhase section */
		A8E00D3F2D0C9C6D000DD2C7 /* Build SideBackup.ipa */ = {
			isa = PBXShellScriptBuildPhase;
			alwaysOutOfDate = 1;
			buildActionMask = 2147483647;
			files = (
			);
			inputFileListPaths = (
			);
			inputPaths = (
			);
			name = "Build SideBackup.ipa";
			outputFileListPaths = (
			);
			outputPaths = (
			);
			runOnlyForDeploymentPostprocessing = 0;
			shellPath = /bin/sh;
			shellScript = "#!/bin/sh\n\necho \"Build directory: $BUILD_DIR\"\necho \"Configuration build directory: $CONFIGURATION_BUILD_DIR\"\n\n# diagnostics\n# echo \">>>>>>>>> Xcode-Derived-Data <<<<<<<<<<\"\n# find \"$BUILD_DIR\" -maxdepth 7 -exec ls -ld {} +  || true  # List contents if directory exists    \n# # ls -la ~/Library/Developer/Xcode/DerivedData || true  # List contents if directory exists    \n# echo \"\"\n\n# diagnostics\n# exit 0\n\n# Define the path to your Makefile\nMAKEFILE_PATH=\"${PROJECT_DIR}/\"\n\n# Navigate to the directory containing the Makefile\ncd \"$MAKEFILE_PATH\" || exit 1\n\n# Run the make target 'ipa-sidebackup'\nmake -B clean-sidebackup copy-sidebackup ipa-sidebackup\n\n# Ensure that the ipa-sidebackup process finishes before continuing\nif [ $? -ne 0 ]; then\n    echo \"Error: ipa-sidebackup failed\"\n    exit 1\nelse\n    echo \"ipa-sidebackup completed successfully\"\nfi\n# Type a script or drag a script file from your workspace to insert its path.\n";
		};
/* End PBXShellScriptBuildPhase section */

/* Begin PBXSourcesBuildPhase section */
		BF580477246A28F7008AE704 /* Sources */ = {
			isa = PBXSourcesBuildPhase;
			buildActionMask = 2147483647;
			files = (
			);
			runOnlyForDeploymentPostprocessing = 0;
		};
		BF989163250AABF3002ACF50 /* Sources */ = {
			isa = PBXSourcesBuildPhase;
			buildActionMask = 2147483647;
			files = (
			);
			runOnlyForDeploymentPostprocessing = 0;
		};
		BFD247662284B9A500981D42 /* Sources */ = {
			isa = PBXSourcesBuildPhase;
			buildActionMask = 2147483647;
			files = (
			);
			runOnlyForDeploymentPostprocessing = 0;
		};
/* End PBXSourcesBuildPhase section */

/* Begin PBXTargetDependency section */
		0ED4AEC92E6DDB2A0039E2C0 /* PBXTargetDependency */ = {
			isa = PBXTargetDependency;
			target = BF58047A246A28F7008AE704 /* SideBackup */;
			targetProxy = 0ED4AEC82E6DDB2A0039E2C0 /* PBXContainerItemProxy */;
		};
		BF989176250AABF4002ACF50 /* PBXTargetDependency */ = {
			isa = PBXTargetDependency;
			platformFilter = ios;
			target = BF989166250AABF3002ACF50 /* AltWidgetExtension */;
			targetProxy = BF989175250AABF4002ACF50 /* PBXContainerItemProxy */;
		};
/* End PBXTargetDependency section */

/* Begin XCBuildConfiguration section */
		BF58048C246A28F9008AE704 /* Debug */ = {
			isa = XCBuildConfiguration;
			baseConfigurationReferenceAnchor = A8EEC71D2F4B10D900F2436D /* xcconfigs */;
			baseConfigurationReferenceRelativePath = SideBackup.xcconfig;
			buildSettings = {
				CLANG_WARN_DOCUMENTATION_COMMENTS = YES;
				CODE_SIGN_ENTITLEMENTS = "$(CODE_SIGN_ENTITLEMENTS)";
				CODE_SIGN_IDENTITY = "Apple Development";
				CODE_SIGN_STYLE = Automatic;
				DEBUG_INFORMATION_FORMAT = "dwarf-with-dsym";
				DEVELOPMENT_TEAM = "$(DEVELOPMENT_TEAM)";
				ENABLE_DEBUG_DYLIB = NO;
				INFOPLIST_FILE = SideBackup/Info.plist;
				IPHONEOS_DEPLOYMENT_TARGET = 15.0;
				LD_RUNPATH_SEARCH_PATHS = (
					"$(inherited)",
					"@executable_path/Frameworks",
				);
				LD_WARN_DUPLICATE_LIBRARIES = YES;
				LD_WARN_UNUSED_DYLIBS = YES;
				PRODUCT_BUNDLE_IDENTIFIER = "$(PRODUCT_BUNDLE_IDENTIFIER)";
				PRODUCT_NAME = "$(TARGET_NAME)";
				PROVISIONING_PROFILE_SPECIFIER = "";
				SUPPORTED_PLATFORMS = "appletvos appletvsimulator iphoneos iphonesimulator macosx";
				SUPPORTS_MACCATALYST = NO;
				SWIFT_OBJC_BRIDGING_HEADER = "SideBackup/SideBackup-Bridging-Header.h";
				SWIFT_VERSION = 6.0;
				TARGETED_DEVICE_FAMILY = "1,2,3";
				TVOS_DEPLOYMENT_TARGET = 15.0;
			};
			name = Debug;
		};
		BF58048D246A28F9008AE704 /* Release */ = {
			isa = XCBuildConfiguration;
			baseConfigurationReferenceAnchor = A8EEC71D2F4B10D900F2436D /* xcconfigs */;
			baseConfigurationReferenceRelativePath = SideBackup.xcconfig;
			buildSettings = {
				CLANG_WARN_DOCUMENTATION_COMMENTS = YES;
				CODE_SIGN_ENTITLEMENTS = "$(CODE_SIGN_ENTITLEMENTS)";
				CODE_SIGN_IDENTITY = "Apple Development";
				CODE_SIGN_STYLE = Automatic;
				DEBUG_INFORMATION_FORMAT = "dwarf-with-dsym";
				DEVELOPMENT_TEAM = "$(DEVELOPMENT_TEAM)";
				ENABLE_DEBUG_DYLIB = NO;
				INFOPLIST_FILE = SideBackup/Info.plist;
				IPHONEOS_DEPLOYMENT_TARGET = 15.0;
				LD_RUNPATH_SEARCH_PATHS = (
					"$(inherited)",
					"@executable_path/Frameworks",
				);
				LD_WARN_DUPLICATE_LIBRARIES = YES;
				LD_WARN_UNUSED_DYLIBS = YES;
				PRODUCT_BUNDLE_IDENTIFIER = "$(PRODUCT_BUNDLE_IDENTIFIER)";
				PRODUCT_NAME = "$(TARGET_NAME)";
				PROVISIONING_PROFILE_SPECIFIER = "";
				SUPPORTED_PLATFORMS = "appletvos appletvsimulator iphoneos iphonesimulator macosx";
				SUPPORTS_MACCATALYST = NO;
				SWIFT_OBJC_BRIDGING_HEADER = "SideBackup/SideBackup-Bridging-Header.h";
				SWIFT_VERSION = 6.0;
				TARGETED_DEVICE_FAMILY = "1,2,3";
				TVOS_DEPLOYMENT_TARGET = 15.0;
			};
			name = Release;
		};
		BF989179250AABF4002ACF50 /* Debug */ = {
			isa = XCBuildConfiguration;
			baseConfigurationReferenceAnchor = A8EEC71D2F4B10D900F2436D /* xcconfigs */;
			baseConfigurationReferenceRelativePath = AltWidgetExtension.xcconfig;
			buildSettings = {
				CLANG_ENABLE_MODULES = YES;
				CLANG_WARN_DOCUMENTATION_COMMENTS = YES;
				CLANG_WARN_QUOTED_INCLUDE_IN_FRAMEWORK_HEADER = "$(inherited)";
				CODE_SIGN_ENTITLEMENTS = "$(CODE_SIGN_ENTITLEMENTS)";
				CODE_SIGN_IDENTITY = "iPhone Developer";
				CODE_SIGN_STYLE = Automatic;
				CURRENT_PROJECT_VERSION = "$(inherited)";
				DEBUG_INFORMATION_FORMAT = "dwarf-with-dsym";
				DEVELOPMENT_TEAM = "$(DEVELOPMENT_TEAM)";
				ENABLE_DEBUG_DYLIB = NO;
				FRAMEWORK_SEARCH_PATHS = "$(inherited)";
				INFOPLIST_FILE = AltWidget/Info.plist;
				IPHONEOS_DEPLOYMENT_TARGET = 15.0;
				LD_RUNPATH_SEARCH_PATHS = (
					"$(inherited)",
					"@executable_path/Frameworks",
					"@executable_path/../../Frameworks",
				);
				LD_WARN_DUPLICATE_LIBRARIES = YES;
				LD_WARN_UNUSED_DYLIBS = YES;
				PRODUCT_BUNDLE_IDENTIFIER = "$(PRODUCT_BUNDLE_IDENTIFIER)";
				PRODUCT_NAME = "$(TARGET_NAME)";
				SKIP_INSTALL = YES;
				SWIFT_ACTIVE_COMPILATION_CONDITIONS = "$inherited WIDGET_EXTENSION";
				SWIFT_ENABLE_EXPLICIT_MODULES = NO;
				SWIFT_OPTIMIZATION_LEVEL = "-Onone";
				SWIFT_VERSION = 5.0;
				TARGETED_DEVICE_FAMILY = "1,2";
			};
			name = Debug;
		};
		BF98917A250AABF4002ACF50 /* Release */ = {
			isa = XCBuildConfiguration;
			baseConfigurationReferenceAnchor = A8EEC71D2F4B10D900F2436D /* xcconfigs */;
			baseConfigurationReferenceRelativePath = AltWidgetExtension.xcconfig;
			buildSettings = {
				CLANG_ENABLE_MODULES = YES;
				CLANG_WARN_DOCUMENTATION_COMMENTS = YES;
				CLANG_WARN_QUOTED_INCLUDE_IN_FRAMEWORK_HEADER = "$(inherited)";
				CODE_SIGN_ENTITLEMENTS = "$(CODE_SIGN_ENTITLEMENTS)";
				CODE_SIGN_IDENTITY = "iPhone Developer";
				CODE_SIGN_STYLE = Automatic;
				CURRENT_PROJECT_VERSION = "$(inherited)";
				DEVELOPMENT_TEAM = "$(DEVELOPMENT_TEAM)";
				ENABLE_DEBUG_DYLIB = NO;
				FRAMEWORK_SEARCH_PATHS = "$(inherited)";
				INFOPLIST_FILE = AltWidget/Info.plist;
				IPHONEOS_DEPLOYMENT_TARGET = 15.0;
				LD_RUNPATH_SEARCH_PATHS = (
					"$(inherited)",
					"@executable_path/Frameworks",
					"@executable_path/../../Frameworks",
				);
				LD_WARN_DUPLICATE_LIBRARIES = YES;
				LD_WARN_UNUSED_DYLIBS = YES;
				PRODUCT_BUNDLE_IDENTIFIER = "$(PRODUCT_BUNDLE_IDENTIFIER)";
				PRODUCT_NAME = "$(TARGET_NAME)";
				SKIP_INSTALL = YES;
				SWIFT_ACTIVE_COMPILATION_CONDITIONS = "$inherited WIDGET_EXTENSION";
				SWIFT_ENABLE_EXPLICIT_MODULES = NO;
				SWIFT_VERSION = 5.0;
				TARGETED_DEVICE_FAMILY = "1,2";
			};
			name = Release;
		};
		BFD2477C2284B9A700981D42 /* Debug */ = {
			isa = XCBuildConfiguration;
			baseConfigurationReference = B3C39607284F4C8400DA9E2F /* Build.xcconfig */;
			buildSettings = {
				ALWAYS_SEARCH_USER_PATHS = NO;
				CLANG_ANALYZER_NONNULL = YES;
				CLANG_ANALYZER_NUMBER_OBJECT_CONVERSION = YES_AGGRESSIVE;
				CLANG_CXX_LANGUAGE_STANDARD = "gnu++14";
				CLANG_CXX_LIBRARY = "libc++";
				CLANG_ENABLE_MODULES = YES;
				CLANG_ENABLE_OBJC_ARC = YES;
				CLANG_ENABLE_OBJC_WEAK = YES;
				CLANG_WARN_BLOCK_CAPTURE_AUTORELEASING = YES;
				CLANG_WARN_BOOL_CONVERSION = YES;
				CLANG_WARN_COMMA = YES;
				CLANG_WARN_CONSTANT_CONVERSION = YES;
				CLANG_WARN_DEPRECATED_OBJC_IMPLEMENTATIONS = YES;
				CLANG_WARN_DIRECT_OBJC_ISA_USAGE = YES_ERROR;
				CLANG_WARN_DOCUMENTATION_COMMENTS = NO;
				CLANG_WARN_EMPTY_BODY = YES;
				CLANG_WARN_ENUM_CONVERSION = YES;
				CLANG_WARN_INFINITE_RECURSION = YES;
				CLANG_WARN_INT_CONVERSION = YES;
				CLANG_WARN_NON_LITERAL_NULL_CONVERSION = YES;
				CLANG_WARN_OBJC_IMPLICIT_RETAIN_SELF = YES;
				CLANG_WARN_OBJC_LITERAL_CONVERSION = YES;
				CLANG_WARN_OBJC_ROOT_CLASS = YES_ERROR;
				CLANG_WARN_QUOTED_INCLUDE_IN_FRAMEWORK_HEADER = YES;
				CLANG_WARN_RANGE_LOOP_ANALYSIS = YES;
				CLANG_WARN_STRICT_PROTOTYPES = YES;
				CLANG_WARN_SUSPICIOUS_MOVE = YES;
				CLANG_WARN_UNGUARDED_AVAILABILITY = YES_AGGRESSIVE;
				CLANG_WARN_UNREACHABLE_CODE = YES;
				CLANG_WARN__DUPLICATE_METHOD_MATCH = YES;
				CODE_SIGN_IDENTITY = "iPhone Developer";
				COPY_PHASE_STRIP = NO;
				DEBUG_INFORMATION_FORMAT = "dwarf-with-dsym";
				DEVELOPMENT_TEAM = "$(DEVELOPMENT_TEAM)";
				EAGER_LINKING = YES;
				ENABLE_STRICT_OBJC_MSGSEND = YES;
				ENABLE_TESTABILITY = YES;
				ENABLE_USER_SCRIPT_SANDBOXING = NO;
				GCC_C_LANGUAGE_STANDARD = gnu11;
				GCC_DYNAMIC_NO_PIC = NO;
				GCC_NO_COMMON_BLOCKS = YES;
				GCC_OPTIMIZATION_LEVEL = 0;
				GCC_PREPROCESSOR_DEFINITIONS = (
					"DEBUG=1",
					"$(inherited)",
				);
				GCC_WARN_64_TO_32_BIT_CONVERSION = YES;
				GCC_WARN_ABOUT_RETURN_TYPE = YES_ERROR;
				GCC_WARN_UNDECLARED_SELECTOR = YES;
				GCC_WARN_UNINITIALIZED_AUTOS = YES_AGGRESSIVE;
				GCC_WARN_UNUSED_FUNCTION = YES;
				GCC_WARN_UNUSED_VARIABLE = YES;
				IPHONEOS_DEPLOYMENT_TARGET = 15.0;
				LLVM_LTO = YES_THIN;
				MTL_ENABLE_DEBUG_INFO = INCLUDE_SOURCE;
				MTL_FAST_MATH = YES;
				ONLY_ACTIVE_ARCH = YES;
				OTHER_CPLUSPLUSFLAGS = (
					"$(OTHER_CFLAGS)",
					"-Wno-module-import-in-extern-c",
				);
				SDKROOT = iphoneos;
				STRING_CATALOG_GENERATE_SYMBOLS = YES;
				SUPPORTED_PLATFORMS = "iphonesimulator iphoneos macosx";
				SWIFT_ACTIVE_COMPILATION_CONDITIONS = "DEBUG BETA";
				SWIFT_ENFORCE_EXCLUSIVE_ACCESS = "debug-only";
				SWIFT_OPTIMIZATION_LEVEL = "-Onone";
				SYSTEM_HEADER_SEARCH_PATHS = "\"$(SRCROOT)/Dependencies/SideSign/Dependencies\"";
			};
			name = Debug;
		};
		BFD2477D2284B9A700981D42 /* Release */ = {
			isa = XCBuildConfiguration;
			baseConfigurationReference = B3C39607284F4C8400DA9E2F /* Build.xcconfig */;
			buildSettings = {
				ALWAYS_SEARCH_USER_PATHS = NO;
				CLANG_ANALYZER_NONNULL = YES;
				CLANG_ANALYZER_NUMBER_OBJECT_CONVERSION = YES_AGGRESSIVE;
				CLANG_CXX_LANGUAGE_STANDARD = "gnu++14";
				CLANG_CXX_LIBRARY = "libc++";
				CLANG_ENABLE_MODULES = YES;
				CLANG_ENABLE_OBJC_ARC = YES;
				CLANG_ENABLE_OBJC_WEAK = YES;
				CLANG_WARN_BLOCK_CAPTURE_AUTORELEASING = YES;
				CLANG_WARN_BOOL_CONVERSION = YES;
				CLANG_WARN_COMMA = YES;
				CLANG_WARN_CONSTANT_CONVERSION = YES;
				CLANG_WARN_DEPRECATED_OBJC_IMPLEMENTATIONS = YES;
				CLANG_WARN_DIRECT_OBJC_ISA_USAGE = YES_ERROR;
				CLANG_WARN_DOCUMENTATION_COMMENTS = NO;
				CLANG_WARN_EMPTY_BODY = YES;
				CLANG_WARN_ENUM_CONVERSION = YES;
				CLANG_WARN_INFINITE_RECURSION = YES;
				CLANG_WARN_INT_CONVERSION = YES;
				CLANG_WARN_NON_LITERAL_NULL_CONVERSION = YES;
				CLANG_WARN_OBJC_IMPLICIT_RETAIN_SELF = YES;
				CLANG_WARN_OBJC_LITERAL_CONVERSION = YES;
				CLANG_WARN_OBJC_ROOT_CLASS = YES_ERROR;
				CLANG_WARN_QUOTED_INCLUDE_IN_FRAMEWORK_HEADER = YES;
				CLANG_WARN_RANGE_LOOP_ANALYSIS = YES;
				CLANG_WARN_STRICT_PROTOTYPES = YES;
				CLANG_WARN_SUSPICIOUS_MOVE = YES;
				CLANG_WARN_UNGUARDED_AVAILABILITY = YES_AGGRESSIVE;
				CLANG_WARN_UNREACHABLE_CODE = YES;
				CLANG_WARN__DUPLICATE_METHOD_MATCH = YES;
				CODE_SIGN_IDENTITY = "iPhone Developer";
				COPY_PHASE_STRIP = NO;
				DEBUG_INFORMATION_FORMAT = "dwarf-with-dsym";
				DEVELOPMENT_TEAM = "$(DEVELOPMENT_TEAM)";
				EAGER_LINKING = YES;
				ENABLE_NS_ASSERTIONS = NO;
				ENABLE_STRICT_OBJC_MSGSEND = YES;
				ENABLE_USER_SCRIPT_SANDBOXING = NO;
				GCC_C_LANGUAGE_STANDARD = gnu11;
				GCC_NO_COMMON_BLOCKS = YES;
				GCC_OPTIMIZATION_LEVEL = fast;
				GCC_WARN_64_TO_32_BIT_CONVERSION = YES;
				GCC_WARN_ABOUT_RETURN_TYPE = YES_ERROR;
				GCC_WARN_UNDECLARED_SELECTOR = YES;
				GCC_WARN_UNINITIALIZED_AUTOS = YES_AGGRESSIVE;
				GCC_WARN_UNUSED_FUNCTION = YES;
				GCC_WARN_UNUSED_VARIABLE = YES;
				IPHONEOS_DEPLOYMENT_TARGET = 15.0;
				LLVM_LTO = YES_THIN;
				MTL_ENABLE_DEBUG_INFO = NO;
				MTL_FAST_MATH = YES;
				OTHER_CPLUSPLUSFLAGS = (
					"$(OTHER_CFLAGS)",
					"-Wno-module-import-in-extern-c",
				);
				SDKROOT = iphoneos;
				STRING_CATALOG_GENERATE_SYMBOLS = YES;
				SUPPORTED_PLATFORMS = "iphonesimulator iphoneos macosx";
				SWIFT_ACTIVE_COMPILATION_CONDITIONS = BETA;
				SWIFT_COMPILATION_MODE = wholemodule;
				SWIFT_ENFORCE_EXCLUSIVE_ACCESS = "debug-only";
				SWIFT_OPTIMIZATION_LEVEL = "-Osize";
				SYSTEM_HEADER_SEARCH_PATHS = "\"$(SRCROOT)/Dependencies/SideSign/Dependencies\"";
				VALIDATE_PRODUCT = YES;
			};
			name = Release;
		};
		BFD2477F2284B9A700981D42 /* Debug */ = {
			isa = XCBuildConfiguration;
			baseConfigurationReferenceAnchor = A8EEC71D2F4B10D900F2436D /* xcconfigs */;
			baseConfigurationReferenceRelativePath = AltStore.xcconfig;
			buildSettings = {
				ASSETCATALOG_COMPILER_APPICON_NAME = AppIcon;
				ASSETCATALOG_COMPILER_INCLUDE_ALL_APPICON_ASSETS = YES;
				ASSETCATALOG_COMPILER_OPTIMIZATION = space;
				CLANG_ENABLE_MODULES = YES;
				CODE_SIGN_ENTITLEMENTS = "$(CODE_SIGN_ENTITLEMENTS)";
				CODE_SIGN_IDENTITY = "iPhone Developer";
				CODE_SIGN_STYLE = Automatic;
				CURRENT_PROJECT_VERSION = "$(inherited)";
				DEBUG_INFORMATION_FORMAT = "dwarf-with-dsym";
				DEVELOPMENT_TEAM = "$(DEVELOPMENT_TEAM)";
				ENABLE_BITCODE = NO;
				ENABLE_DEBUG_DYLIB = NO;
				GCC_UNROLL_LOOPS = YES;
				INFOPLIST_FILE = AltStore/Info.plist;
				IPHONEOS_DEPLOYMENT_TARGET = 15.0;
				LD_EXPORT_SYMBOLS = NO;
				LD_RUNPATH_SEARCH_PATHS = (
					"$(inherited)",
					"@executable_path/Frameworks",
				);
				LD_WARN_DUPLICATE_LIBRARIES = YES;
				LD_WARN_UNUSED_DYLIBS = YES;
				LIBRARY_SEARCH_PATHS = "$(inherited)";
				LLVM_LTO = YES_THIN;
				MARKETING_VERSION = "$(inherited)";
				OTHER_LDFLAGS = (
					"$(inherited)",
					"-Xlinker",
					"-w",
				);
				PRODUCT_BUNDLE_IDENTIFIER = "$(PRODUCT_BUNDLE_IDENTIFIER)";
				PRODUCT_NAME = "$(inherited)";
				PROVISIONING_PROFILE_SPECIFIER = "";
				SUPPORTED_PLATFORMS = "appletvos appletvsimulator iphoneos iphonesimulator";
				SUPPORTS_MACCATALYST = NO;
				SWIFT_ENABLE_EXPLICIT_MODULES = NO;
				SWIFT_ENFORCE_EXCLUSIVE_ACCESS = "debug-only";
				SWIFT_OPTIMIZATION_LEVEL = "-Onone";
				SWIFT_VERSION = 5.0;
				TARGETED_DEVICE_FAMILY = "1,2,3";
				TVOS_DEPLOYMENT_TARGET = 15.0;
			};
			name = Debug;
		};
		BFD247802284B9A700981D42 /* Release */ = {
			isa = XCBuildConfiguration;
			baseConfigurationReferenceAnchor = A8EEC71D2F4B10D900F2436D /* xcconfigs */;
			baseConfigurationReferenceRelativePath = AltStore.xcconfig;
			buildSettings = {
				ASSETCATALOG_COMPILER_APPICON_NAME = AppIcon;
				ASSETCATALOG_COMPILER_INCLUDE_ALL_APPICON_ASSETS = YES;
				ASSETCATALOG_COMPILER_OPTIMIZATION = space;
				CLANG_ENABLE_MODULES = YES;
				CODE_SIGN_ENTITLEMENTS = "$(CODE_SIGN_ENTITLEMENTS)";
				CODE_SIGN_IDENTITY = "iPhone Developer";
				CODE_SIGN_STYLE = Automatic;
				CURRENT_PROJECT_VERSION = "$(inherited)";
				DEVELOPMENT_TEAM = "$(DEVELOPMENT_TEAM)";
				ENABLE_BITCODE = NO;
				ENABLE_DEBUG_DYLIB = NO;
				GCC_OPTIMIZATION_LEVEL = fast;
				GCC_UNROLL_LOOPS = YES;
				INFOPLIST_FILE = AltStore/Info.plist;
				IPHONEOS_DEPLOYMENT_TARGET = 15.0;
				LD_EXPORT_SYMBOLS = NO;
				LD_RUNPATH_SEARCH_PATHS = (
					"$(inherited)",
					"@executable_path/Frameworks",
				);
				LD_WARN_DUPLICATE_LIBRARIES = YES;
				LD_WARN_UNUSED_DYLIBS = YES;
				LIBRARY_SEARCH_PATHS = "$(inherited)";
				LLVM_LTO = YES_THIN;
				MARKETING_VERSION = "$(inherited)";
				OTHER_LDFLAGS = (
					"$(inherited)",
					"-Xlinker",
					"-w",
				);
				PRODUCT_BUNDLE_IDENTIFIER = "$(PRODUCT_BUNDLE_IDENTIFIER)";
				PRODUCT_NAME = "$(inherited)";
				PROVISIONING_PROFILE_SPECIFIER = "";
				SUPPORTED_PLATFORMS = "appletvos appletvsimulator iphoneos iphonesimulator";
				SUPPORTS_MACCATALYST = NO;
				SWIFT_COMPILATION_MODE = wholemodule;
				SWIFT_ENABLE_EXPLICIT_MODULES = NO;
				SWIFT_ENFORCE_EXCLUSIVE_ACCESS = "debug-only";
				SWIFT_OPTIMIZATION_LEVEL = "-Osize";
				SWIFT_VERSION = 5.0;
				TARGETED_DEVICE_FAMILY = "1,2,3";
				TVOS_DEPLOYMENT_TARGET = 15.0;
			};
			name = Release;
		};
/* End XCBuildConfiguration section */

/* Begin XCConfigurationList section */
		BF58048E246A28F9008AE704 /* Build configuration list for PBXNativeTarget "SideBackup" */ = {
			isa = XCConfigurationList;
			buildConfigurations = (
				BF58048C246A28F9008AE704 /* Debug */,
				BF58048D246A28F9008AE704 /* Release */,
			);
			defaultConfigurationIsVisible = 0;
			defaultConfigurationName = Release;
		};
		BF989178250AABF4002ACF50 /* Build configuration list for PBXNativeTarget "AltWidgetExtension" */ = {
			isa = XCConfigurationList;
			buildConfigurations = (
				BF989179250AABF4002ACF50 /* Debug */,
				BF98917A250AABF4002ACF50 /* Release */,
			);
			defaultConfigurationIsVisible = 0;
			defaultConfigurationName = Release;
		};
		BFD247652284B9A500981D42 /* Build configuration list for PBXProject "AltStore" */ = {
			isa = XCConfigurationList;
			buildConfigurations = (
				BFD2477C2284B9A700981D42 /* Debug */,
				BFD2477D2284B9A700981D42 /* Release */,
			);
			defaultConfigurationIsVisible = 0;
			defaultConfigurationName = Release;
		};
		BFD2477E2284B9A700981D42 /* Build configuration list for PBXNativeTarget "SideStore" */ = {
			isa = XCConfigurationList;
			buildConfigurations = (
				BFD2477F2284B9A700981D42 /* Debug */,
				BFD247802284B9A700981D42 /* Release */,
			);
			defaultConfigurationIsVisible = 0;
			defaultConfigurationName = Release;
		};
/* End XCConfigurationList section */

/* Begin XCLocalSwiftPackageReference section */
		A87939D1303A89C9004D9227 /* XCLocalSwiftPackageReference "Dependencies/minimuxer" */ = {
			isa = XCLocalSwiftPackageReference;
			relativePath = Dependencies/minimuxer;
		};
		A8C37021302DA7A70010213A /* XCLocalSwiftPackageReference "Dependencies/SideSign" */ = {
			isa = XCLocalSwiftPackageReference;
			relativePath = Dependencies/SideSign;
		};
/* End XCLocalSwiftPackageReference section */

/* Begin XCRemoteSwiftPackageReference section */
		A8C37027302DA7F30010213A /* XCRemoteSwiftPackageReference "MarkdownKit" */ = {
			isa = XCRemoteSwiftPackageReference;
			repositoryURL = "https://github.com/bmoliveira/MarkdownKit.git";
			requirement = {
				kind = upToNextMajorVersion;
				minimumVersion = 1.7.3;
			};
		};
		A8C3702A302DA80D0010213A /* XCRemoteSwiftPackageReference "KeychainAccess" */ = {
			isa = XCRemoteSwiftPackageReference;
			repositoryURL = "https://github.com/kishikawakatsumi/KeychainAccess";
			requirement = {
				branch = master;
				kind = branch;
			};
		};
		A8C3702D302DA82A0010213A /* XCRemoteSwiftPackageReference "Nuke" */ = {
			isa = XCRemoteSwiftPackageReference;
			repositoryURL = "https://github.com/kean/Nuke";
			requirement = {
				kind = upToNextMajorVersion;
				minimumVersion = 13.2.0;
			};
		};
		A8C37033302DA84D0010213A /* XCRemoteSwiftPackageReference "Starscream" */ = {
			isa = XCRemoteSwiftPackageReference;
			repositoryURL = "https://github.com/daltoniam/Starscream";
			requirement = {
				kind = upToNextMajorVersion;
				minimumVersion = 4.0.8;
			};
		};
		A8C37037302DA8D90010213A /* XCRemoteSwiftPackageReference "SemanticVersion" */ = {
			isa = XCRemoteSwiftPackageReference;
			repositoryURL = "https://github.com/SwiftPackageIndex/SemanticVersion";
			requirement = {
				kind = upToNextMajorVersion;
				minimumVersion = 0.4.0;
			};
		};
		A8E8DEA43059BC8800F69B47 /* XCRemoteSwiftPackageReference "CodeSignKit" */ = {
			isa = XCRemoteSwiftPackageReference;
			repositoryURL = "https://github.com/mahee96/CodeSignKit";
			requirement = {
				branch = main;
				kind = branch;
			};
		};
/* End XCRemoteSwiftPackageReference section */

/* Begin XCSwiftPackageProductDependency section */
		A87939D2303A89CA004D9227 /* Minimuxer */ = {
			isa = XCSwiftPackageProductDependency;
			productName = Minimuxer;
		};
		A8C37028302DA7F30010213A /* MarkdownKit */ = {
			isa = XCSwiftPackageProductDependency;
			package = A8C37027302DA7F30010213A /* XCRemoteSwiftPackageReference "MarkdownKit" */;
			productName = MarkdownKit;
		};
		A8C3702B302DA80D0010213A /* KeychainAccess */ = {
			isa = XCSwiftPackageProductDependency;
			package = A8C3702A302DA80D0010213A /* XCRemoteSwiftPackageReference "KeychainAccess" */;
			productName = KeychainAccess;
		};
		A8C3702E302DA82A0010213A /* Nuke */ = {
			isa = XCSwiftPackageProductDependency;
			package = A8C3702D302DA82A0010213A /* XCRemoteSwiftPackageReference "Nuke" */;
			productName = Nuke;
		};
		A8C37034302DA84D0010213A /* Starscream */ = {
			isa = XCSwiftPackageProductDependency;
			package = A8C37033302DA84D0010213A /* XCRemoteSwiftPackageReference "Starscream" */;
			productName = Starscream;
		};
		A8C37038302DA8D90010213A /* SemanticVersion */ = {
			isa = XCSwiftPackageProductDependency;
			package = A8C37037302DA8D90010213A /* XCRemoteSwiftPackageReference "SemanticVersion" */;
			productName = SemanticVersion;
		};
		A8E8DEA53059BC8800F69B47 /* CodeSignKit */ = {
			isa = XCSwiftPackageProductDependency;
			package = A8E8DEA43059BC8800F69B47 /* XCRemoteSwiftPackageReference "CodeSignKit" */;
			productName = CodeSignKit;
		};
		A8E8DEA83059BC9800F69B47 /* CodeSignKit */ = {
			isa = XCSwiftPackageProductDependency;
			package = A8E8DEA43059BC8800F69B47 /* XCRemoteSwiftPackageReference "CodeSignKit" */;
			productName = CodeSignKit;
		};
		A8F5E9AE30422E3600DBD7E1 /* SideSign */ = {
			isa = XCSwiftPackageProductDependency;
			package = A8C37021302DA7A70010213A /* XCLocalSwiftPackageReference "Dependencies/SideSign" */;
			productName = SideSign;
		};
/* End XCSwiftPackageProductDependency section */
/* zLoader embedded local tunnel */
5A5700000000000000000002 = {isa = PBXFileReference; explicitFileType = "wrapper.app-extension"; path = ZLoaderTunnel.appex; sourceTree = BUILT_PRODUCTS_DIR; };
5A5700000000000000000003 = {isa = PBXFileReference; lastKnownFileType = sourcecode.swift; path = PacketTunnelProvider.swift; sourceTree = "<group>"; };
5A5700000000000000000004 = {isa = PBXFileReference; lastKnownFileType = text.plist.xml; path = Info.plist; sourceTree = "<group>"; };
5A5700000000000000000005 = {isa = PBXFileReference; lastKnownFileType = text.plist.entitlements; path = ZLoaderTunnel.entitlements; sourceTree = "<group>"; };
5A5700000000000000000006 = {isa = PBXGroup; children = (5A5700000000000000000003, 5A5700000000000000000004, 5A5700000000000000000005,); path = ZLoaderTunnel; sourceTree = "<group>"; };
5A570000000000000000000A = {isa = PBXBuildFile; fileRef = 5A5700000000000000000003; };
5A570000000000000000000B = {isa = PBXBuildFile; fileRef = 5A5700000000000000000002; platformFilter = ios; settings = {ATTRIBUTES = (RemoveHeadersOnCopy,); }; };
5A5700000000000000000007 = {isa = PBXSourcesBuildPhase; buildActionMask = 2147483647; files = (5A570000000000000000000A,); runOnlyForDeploymentPostprocessing = 0; };
5A5700000000000000000008 = {isa = PBXFrameworksBuildPhase; buildActionMask = 2147483647; files = (); runOnlyForDeploymentPostprocessing = 0; };
5A5700000000000000000009 = {isa = PBXResourcesBuildPhase; buildActionMask = 2147483647; files = (); runOnlyForDeploymentPostprocessing = 0; };
5A570000000000000000000D = {isa = PBXContainerItemProxy; containerPortal = BFD247622284B9A500981D42; proxyType = 1; remoteGlobalIDString = 5A5700000000000000000001; remoteInfo = ZLoaderTunnel; };
5A570000000000000000000C = {isa = PBXTargetDependency; target = 5A5700000000000000000001; targetProxy = 5A570000000000000000000D; platformFilter = ios; };
5A5700000000000000000001 = {isa = PBXNativeTarget; buildConfigurationList = 5A570000000000000000000E; buildPhases = (5A5700000000000000000007, 5A5700000000000000000008, 5A5700000000000000000009,); buildRules = (); dependencies = (); name = ZLoaderTunnel; productName = ZLoaderTunnel; productReference = 5A5700000000000000000002; productType = "com.apple.product-type.app-extension"; };
5A570000000000000000000E = {isa = XCConfigurationList; buildConfigurations = (5A570000000000000000000F, 5A5700000000000000000010,); defaultConfigurationIsVisible = 0; defaultConfigurationName = Release; };
5A570000000000000000000F = {isa = XCBuildConfiguration; baseConfigurationReference = B3C39607284F4C8400DA9E2F; buildSettings = {APPLICATION_EXTENSION_API_ONLY = YES; CODE_SIGN_ENTITLEMENTS = ZLoaderTunnel/ZLoaderTunnel.entitlements; GENERATE_INFOPLIST_FILE = NO; INFOPLIST_FILE = ZLoaderTunnel/Info.plist; IPHONEOS_DEPLOYMENT_TARGET = 15.0; PRODUCT_BUNDLE_IDENTIFIER = "$(MAIN_BUNDLE_IDENTIFIER).Tunnel"; PRODUCT_NAME = ZLoaderTunnel; SDKROOT = iphoneos; SKIP_INSTALL = YES; SUPPORTED_PLATFORMS = "iphoneos iphonesimulator"; SWIFT_VERSION = 5.0; TARGETED_DEVICE_FAMILY = "1,2"; }; name = Debug; };
5A5700000000000000000010 = {isa = XCBuildConfiguration; baseConfigurationReference = B3C39607284F4C8400DA9E2F; buildSettings = {APPLICATION_EXTENSION_API_ONLY = YES; CODE_SIGN_ENTITLEMENTS = ZLoaderTunnel/ZLoaderTunnel.entitlements; GENERATE_INFOPLIST_FILE = NO; INFOPLIST_FILE = ZLoaderTunnel/Info.plist; IPHONEOS_DEPLOYMENT_TARGET = 15.0; PRODUCT_BUNDLE_IDENTIFIER = "$(MAIN_BUNDLE_IDENTIFIER).Tunnel"; PRODUCT_NAME = ZLoaderTunnel; SDKROOT = iphoneos; SKIP_INSTALL = YES; SUPPORTED_PLATFORMS = "iphoneos iphonesimulator"; SWIFT_VERSION = 5.0; TARGETED_DEVICE_FAMILY = "1,2"; }; name = Release; };

5A5700000000000000000021 = {isa = PBXFileReference; lastKnownFileType = net.daringfireball.markdown; path = "SideStore/Resources/ZStoreCredits/SideStore-License.md"; sourceTree = SOURCE_ROOT; };
5A5700000000000000000022 = {isa = PBXBuildFile; fileRef = 5A5700000000000000000021; };

5A5700000000000000000023 = {isa = PBXFileReference; lastKnownFileType = net.daringfireball.markdown; path = "SideStore/Resources/ZStoreCredits/LocalDevVPN-License.md"; sourceTree = SOURCE_ROOT; };
5A5700000000000000000024 = {isa = PBXBuildFile; fileRef = 5A5700000000000000000023; };

5A5700000000000000000025 = {isa = PBXFileReference; lastKnownFileType = net.daringfireball.markdown; path = "SideStore/Resources/ZStoreCredits/LocalDevVPN-License-old.md"; sourceTree = SOURCE_ROOT; };
5A5700000000000000000026 = {isa = PBXBuildFile; fileRef = 5A5700000000000000000025; };

	};
	rootObject = BFD247622284B9A500981D42 /* Project object */;
}
